
Microsoft Visual Studio Solution File, Format Version 12.00
# Visual Studio 15
VisualStudioVersion = 15.0.28218.60
MinimumVisualStudioVersion = 10.0.40219.1
Project("{FAE04EC0-301F-11D3-BF4B-00C04F79EFBC}") = "Booklist_Razor_Pages", "Booklist_Razor_Pages\Booklist_Razor_Pages.csproj", "{4314EBB4-2D11-48C4-AA92-0109BC432EF2}"
EndProject
Global
	GlobalSection(SolutionConfigurationPlatforms) = preSolution
		Debug|Any CPU = Debug|Any CPU
		Release|Any CPU = Release|Any CPU
	EndGlobalSection
	GlobalSection(ProjectConfigurationPlatforms) = postSolution
		{4314EBB4-2D11-48C4-AA92-0109BC432EF2}.Debug|Any CPU.ActiveCfg = Debug|Any CPU
		{4314EBB4-2D11-48C4-AA92-0109BC432EF2}.Debug|Any CPU.Build.0 = Debug|Any CPU
		{4314EBB4-2D11-48C4-AA92-0109BC432EF2}.Release|Any CPU.ActiveCfg = Release|Any CPU
		{4314EBB4-2D11-48C4-AA92-0109BC432EF2}.Release|Any CPU.Build.0 = Release|Any CPU
	EndGlobalSection
	GlobalSection(SolutionProperties) = preSolution
		HideSolutionNode = FALSE
	EndGlobalSection
	GlobalSection(ExtensibilityGlobals) = postSolution
		SolutionGuid = {B5D04784-A0AE-40BF-94FB-C0164080D750}
	EndGlobalSection
EndGlobal
